
Microsoft Visual Studio Solution File, Format Version 12.00
# Visual Studio Version 16
VisualStudioVersion = 16.0.30204.135
MinimumVisualStudioVersion = 10.0.40219.1
Project("{2150E333-8FDC-42A3-9474-1A3956D46DE8}") = "Domain", "Domain", "{A4062808-ECE5-40E0-BA50-244B23A5B167}"
EndProject
Project("{2150E333-8FDC-42A3-9474-1A3956D46DE8}") = "Infra.Bus", "Infra.Bus", "{56D68B20-44FC-4B07-93E4-2923DF34210A}"
EndProject
Project("{2150E333-8FDC-42A3-9474-1A3956D46DE8}") = "Infra.IoC", "Infra.IoC", "{E886940C-C340-4790-A70C-0ED37686C387}"
EndProject
Project("{2150E333-8FDC-42A3-9474-1A3956D46DE8}") = "Microservices", "Microservices", "{A2B8167F-952F-4DB4-A66D-48004AD628B3}"
EndProject
Project("{2150E333-8FDC-42A3-9474-1A3956D46DE8}") = "Presentation", "Presentation", "{9C8D7729-5283-482C-ABB7-687FC6031C36}"
EndProject
Project("{FAE04EC0-301F-11D3-BF4B-00C04F79EFBC}") = "MicroRabbit.Domain.Core", "src\MicroRabbit.Domain.Core\MicroRabbit.Domain.Core.csproj", "{59F63168-932E-4D4D-9FED-6240528B5781}"
EndProject
Project("{FAE04EC0-301F-11D3-BF4B-00C04F79EFBC}") = "MicroRabbit.Infra.Bus", "src\MicroRabbit.Infra.Bus\MicroRabbit.Infra.Bus.csproj", "{EAE09DD3-A5F8-4848-8812-48FCAE834AAA}"
EndProject
Project("{FAE04EC0-301F-11D3-BF4B-00C04F79EFBC}") = "MicroRabbit.Infra.IoC", "src\MicroRabbit.Infra.IoC\MicroRabbit.Infra.IoC.csproj", "{15F48BEF-2CC4-439B-A1C3-2DF4747155A9}"
EndProject
Project("{2150E333-8FDC-42A3-9474-1A3956D46DE8}") = "Banking", "Banking", "{1F705EC7-1399-40F9-98B4-5BFA9DD3B324}"
EndProject
Project("{2150E333-8FDC-42A3-9474-1A3956D46DE8}") = "Api", "Api", "{734198C1-BAE2-44F8-B800-75D654BC0838}"
EndProject
Project("{2150E333-8FDC-42A3-9474-1A3956D46DE8}") = "Domain", "Domain", "{24BBCE7B-E5CA-4C0B-96E0-F4B386E64F8F}"
EndProject
Project("{2150E333-8FDC-42A3-9474-1A3956D46DE8}") = "Application", "Application", "{BD21D3C1-1A57-42FD-8805-0DB9E6D4E3F1}"
EndProject
Project("{2150E333-8FDC-42A3-9474-1A3956D46DE8}") = "Data", "Data", "{CB93C2AB-66D1-40CB-B988-0AA1BDC17E5B}"
EndProject
Project("{FAE04EC0-301F-11D3-BF4B-00C04F79EFBC}") = "MicroRabbit.Banking.Api", "src\MicroRabbit.Banking.Api\MicroRabbit.Banking.Api.csproj", "{DDB81F77-4BFC-4BBD-92FC-4F02971A7D69}"
EndProject
Project("{FAE04EC0-301F-11D3-BF4B-00C04F79EFBC}") = "MicroRabbit.Banking.Application", "src\MicroRabbit.Banking.Application\MicroRabbit.Banking.Application.csproj", "{D61151D3-DA5E-48F2-87BD-990B799F50CF}"
EndProject
Project("{FAE04EC0-301F-11D3-BF4B-00C04F79EFBC}") = "Microrabbit.Banking.Data", "src\Microrabbit.Banking.Data\Microrabbit.Banking.Data.csproj", "{2BB3BD81-AE74-4D98-9733-6A623C768D63}"
EndProject
Project("{FAE04EC0-301F-11D3-BF4B-00C04F79EFBC}") = "MicroRabbit.Banking.Domain", "src\MicroRabbit.Banking.Domain\MicroRabbit.Banking.Domain.csproj", "{6EE9B8A7-F351-4704-8B26-CD70793F014A}"
EndProject
Global
	GlobalSection(SolutionConfigurationPlatforms) = preSolution
		Debug|Any CPU = Debug|Any CPU
		Release|Any CPU = Release|Any CPU
	EndGlobalSection
	GlobalSection(ProjectConfigurationPlatforms) = postSolution
		{59F63168-932E-4D4D-9FED-6240528B5781}.Debug|Any CPU.ActiveCfg = Debug|Any CPU
		{59F63168-932E-4D4D-9FED-6240528B5781}.Debug|Any CPU.Build.0 = Debug|Any CPU
		{59F63168-932E-4D4D-9FED-6240528B5781}.Release|Any CPU.ActiveCfg = Release|Any CPU
		{59F63168-932E-4D4D-9FED-6240528B5781}.Release|Any CPU.Build.0 = Release|Any CPU
		{EAE09DD3-A5F8-4848-8812-48FCAE834AAA}.Debug|Any CPU.ActiveCfg = Debug|Any CPU
		{EAE09DD3-A5F8-4848-8812-48FCAE834AAA}.Debug|Any CPU.Build.0 = Debug|Any CPU
		{EAE09DD3-A5F8-4848-8812-48FCAE834AAA}.Release|Any CPU.ActiveCfg = Release|Any CPU
		{EAE09DD3-A5F8-4848-8812-48FCAE834AAA}.Release|Any CPU.Build.0 = Release|Any CPU
		{15F48BEF-2CC4-439B-A1C3-2DF4747155A9}.Debug|Any CPU.ActiveCfg = Debug|Any CPU
		{15F48BEF-2CC4-439B-A1C3-2DF4747155A9}.Debug|Any CPU.Build.0 = Debug|Any CPU
		{15F48BEF-2CC4-439B-A1C3-2DF4747155A9}.Release|Any CPU.ActiveCfg = Release|Any CPU
		{15F48BEF-2CC4-439B-A1C3-2DF4747155A9}.Release|Any CPU.Build.0 = Release|Any CPU
		{DDB81F77-4BFC-4BBD-92FC-4F02971A7D69}.Debug|Any CPU.ActiveCfg = Debug|Any CPU
		{DDB81F77-4BFC-4BBD-92FC-4F02971A7D69}.Debug|Any CPU.Build.0 = Debug|Any CPU
		{DDB81F77-4BFC-4BBD-92FC-4F02971A7D69}.Release|Any CPU.ActiveCfg = Release|Any CPU
		{DDB81F77-4BFC-4BBD-92FC-4F02971A7D69}.Release|Any CPU.Build.0 = Release|Any CPU
		{D61151D3-DA5E-48F2-87BD-990B799F50CF}.Debug|Any CPU.ActiveCfg = Debug|Any CPU
		{D61151D3-DA5E-48F2-87BD-990B799F50CF}.Debug|Any CPU.Build.0 = Debug|Any CPU
		{D61151D3-DA5E-48F2-87BD-990B799F50CF}.Release|Any CPU.ActiveCfg = Release|Any CPU
		{D61151D3-DA5E-48F2-87BD-990B799F50CF}.Release|Any CPU.Build.0 = Release|Any CPU
		{2BB3BD81-AE74-4D98-9733-6A623C768D63}.Debug|Any CPU.ActiveCfg = Debug|Any CPU
		{2BB3BD81-AE74-4D98-9733-6A623C768D63}.Debug|Any CPU.Build.0 = Debug|Any CPU
		{2BB3BD81-AE74-4D98-9733-6A623C768D63}.Release|Any CPU.ActiveCfg = Release|Any CPU
		{2BB3BD81-AE74-4D98-9733-6A623C768D63}.Release|Any CPU.Build.0 = Release|Any CPU
		{6EE9B8A7-F351-4704-8B26-CD70793F014A}.Debug|Any CPU.ActiveCfg = Debug|Any CPU
		{6EE9B8A7-F351-4704-8B26-CD70793F014A}.Debug|Any CPU.Build.0 = Debug|Any CPU
		{6EE9B8A7-F351-4704-8B26-CD70793F014A}.Release|Any CPU.ActiveCfg = Release|Any CPU
		{6EE9B8A7-F351-4704-8B26-CD70793F014A}.Release|Any CPU.Build.0 = Release|Any CPU
	EndGlobalSection
	GlobalSection(SolutionProperties) = preSolution
		HideSolutionNode = FALSE
	EndGlobalSection
	GlobalSection(NestedProjects) = preSolution
		{59F63168-932E-4D4D-9FED-6240528B5781} = {A4062808-ECE5-40E0-BA50-244B23A5B167}
		{EAE09DD3-A5F8-4848-8812-48FCAE834AAA} = {56D68B20-44FC-4B07-93E4-2923DF34210A}
		{15F48BEF-2CC4-439B-A1C3-2DF4747155A9} = {E886940C-C340-4790-A70C-0ED37686C387}
		{1F705EC7-1399-40F9-98B4-5BFA9DD3B324} = {A2B8167F-952F-4DB4-A66D-48004AD628B3}
		{734198C1-BAE2-44F8-B800-75D654BC0838} = {1F705EC7-1399-40F9-98B4-5BFA9DD3B324}
		{24BBCE7B-E5CA-4C0B-96E0-F4B386E64F8F} = {1F705EC7-1399-40F9-98B4-5BFA9DD3B324}
		{BD21D3C1-1A57-42FD-8805-0DB9E6D4E3F1} = {1F705EC7-1399-40F9-98B4-5BFA9DD3B324}
		{CB93C2AB-66D1-40CB-B988-0AA1BDC17E5B} = {1F705EC7-1399-40F9-98B4-5BFA9DD3B324}
		{DDB81F77-4BFC-4BBD-92FC-4F02971A7D69} = {734198C1-BAE2-44F8-B800-75D654BC0838}
		{D61151D3-DA5E-48F2-87BD-990B799F50CF} = {BD21D3C1-1A57-42FD-8805-0DB9E6D4E3F1}
		{2BB3BD81-AE74-4D98-9733-6A623C768D63} = {CB93C2AB-66D1-40CB-B988-0AA1BDC17E5B}
		{6EE9B8A7-F351-4704-8B26-CD70793F014A} = {24BBCE7B-E5CA-4C0B-96E0-F4B386E64F8F}
	EndGlobalSection
	GlobalSection(ExtensibilityGlobals) = postSolution
		SolutionGuid = {16A6F955-74BF-4A3E-AECA-E0AFF1F30334}
	EndGlobalSection
EndGlobal
